{
  "name": "api",
  "version": "1.0.0",
  "lockfileVersion": 2,
  "requires": true,
  "packages": {
    "": {
      "name": "api",
      "version": "1.0.0",
      "license": "ISC",
      "dependencies": {
        "routes": "^2.1.0"
      }
    },
    "node_modules/routes": {
      "version": "2.1.0",
      "resolved": "https://registry.npmjs.org/routes/-/routes-2.1.0.tgz",
      "integrity": "sha512-ipKiJOw1LUmlfusmWq0XWGJRVT4FdB8ymKvct2OpjN6lXYQa7W/tJjD75W7bzYghdfV1eObdM3Gh7vuVwttPcA==",
      "engines": {
        "node": "*"
      }
    }
  },
  "dependencies": {
    "routes": {
      "version": "2.1.0",
      "resolved": "https://registry.npmjs.org/routes/-/routes-2.1.0.tgz",
      "integrity": "sha512-ipKiJOw1LUmlfusmWq0XWGJRVT4FdB8ymKvct2OpjN6lXYQa7W/tJjD75W7bzYghdfV1eObdM3Gh7vuVwttPcA=="
    }
  }
}
